
Microsoft Visual Studio Solution File, Format Version 12.00
# Visual Studio Version 17
VisualStudioVersion = 17.5.33516.290
MinimumVisualStudioVersion = 10.0.40219.1
Project("{FAE04EC0-301F-11D3-BF4B-00C04F79EFBC}") = "prueba", "prueba.csproj", "{E2DED572-4D9F-4AD9-A975-C0B7EDA97F96}"
EndProject
Global
	GlobalSection(SolutionConfigurationPlatforms) = preSolution
		Debug|Any CPU = Debug|Any CPU
		Release|Any CPU = Release|Any CPU
	EndGlobalSection
	GlobalSection(ProjectConfigurationPlatforms) = postSolution
		{E2DED572-4D9F-4AD9-A975-C0B7EDA97F96}.Debug|Any CPU.ActiveCfg = Debug|Any CPU
		{E2DED572-4D9F-4AD9-A975-C0B7EDA97F96}.Debug|Any CPU.Build.0 = Debug|Any CPU
		{E2DED572-4D9F-4AD9-A975-C0B7EDA97F96}.Release|Any CPU.ActiveCfg = Release|Any CPU
		{E2DED572-4D9F-4AD9-A975-C0B7EDA97F96}.Release|Any CPU.Build.0 = Release|Any CPU
	EndGlobalSection
	GlobalSection(SolutionProperties) = preSolution
		HideSolutionNode = FALSE
	EndGlobalSection
	GlobalSection(ExtensibilityGlobals) = postSolution
		SolutionGuid = {1DECD03D-4BC2-424D-BBC0-E3907FE01E1D}
	EndGlobalSection
EndGlobal
